
Microsoft Visual Studio Solution File, Format Version 12.00
# Visual Studio Version 16
VisualStudioVersion = 16.0.808.4
MinimumVisualStudioVersion = 10.0.40219.1
Project("{FAE04EC0-301F-11D3-BF4B-00C04F79EFBC}") = "SampleWebAPI", "SampleWebAPI\SampleWebAPI.csproj", "{07B9B6F7-7437-42D7-BD9D-A54F37D741DD}"
EndProject
Global
	GlobalSection(SolutionConfigurationPlatforms) = preSolution
		Debug|Any CPU = Debug|Any CPU
		Release|Any CPU = Release|Any CPU
	EndGlobalSection
	GlobalSection(ProjectConfigurationPlatforms) = postSolution
		{07B9B6F7-7437-42D7-BD9D-A54F37D741DD}.Debug|Any CPU.ActiveCfg = Debug|Any CPU
		{07B9B6F7-7437-42D7-BD9D-A54F37D741DD}.Debug|Any CPU.Build.0 = Debug|Any CPU
		{07B9B6F7-7437-42D7-BD9D-A54F37D741DD}.Release|Any CPU.ActiveCfg = Release|Any CPU
		{07B9B6F7-7437-42D7-BD9D-A54F37D741DD}.Release|Any CPU.Build.0 = Release|Any CPU
	EndGlobalSection
	GlobalSection(SolutionProperties) = preSolution
		HideSolutionNode = FALSE
	EndGlobalSection
	GlobalSection(ExtensibilityGlobals) = postSolution
		SolutionGuid = {D5DB2FA9-0FB4-47A9-AA75-EB97D3A747C5}
	EndGlobalSection
EndGlobal
