
Microsoft Visual Studio Solution File, Format Version 12.00
# Visual Studio Version 16
VisualStudioVersion = 16.0.808.4
MinimumVisualStudioVersion = 10.0.40219.1
Project("{FAE04EC0-301F-11D3-BF4B-00C04F79EFBC}") = "FileParser", "FileParser\FileParser.csproj", "{90C00438-BDFD-41A7-8D42-100048B9F177}"
EndProject
Project("{FAE04EC0-301F-11D3-BF4B-00C04F79EFBC}") = "FileGenerator", "FileGenerator\FileGenerator.csproj", "{D1794281-E07B-49A5-86BD-18BACFA5FE01}"
EndProject
Project("{2150E333-8FDC-42A3-9474-1A3956D46DE8}") = "Solution Items", "Solution Items", "{3F330995-0D18-447F-BCE8-7EDDDFC9AA3E}"
	ProjectSection(SolutionItems) = preProject
		KubernetesFiles\kubernetes-deployment.yml = KubernetesFiles\kubernetes-deployment.yml
		Scripts\buildcontainers.sh = Scripts\buildcontainers.sh
		Scripts\deploykubernetes.sh = Scripts\deploykubernetes.sh
		Scripts\runcontainers.sh = Scripts\runcontainers.sh
	EndProjectSection
EndProject
Global
	GlobalSection(SolutionConfigurationPlatforms) = preSolution
		Debug|Any CPU = Debug|Any CPU
		Release|Any CPU = Release|Any CPU
	EndGlobalSection
	GlobalSection(ProjectConfigurationPlatforms) = postSolution
		{90C00438-BDFD-41A7-8D42-100048B9F177}.Debug|Any CPU.ActiveCfg = Debug|Any CPU
		{90C00438-BDFD-41A7-8D42-100048B9F177}.Debug|Any CPU.Build.0 = Debug|Any CPU
		{90C00438-BDFD-41A7-8D42-100048B9F177}.Release|Any CPU.ActiveCfg = Release|Any CPU
		{90C00438-BDFD-41A7-8D42-100048B9F177}.Release|Any CPU.Build.0 = Release|Any CPU
		{D1794281-E07B-49A5-86BD-18BACFA5FE01}.Debug|Any CPU.ActiveCfg = Debug|Any CPU
		{D1794281-E07B-49A5-86BD-18BACFA5FE01}.Debug|Any CPU.Build.0 = Debug|Any CPU
		{D1794281-E07B-49A5-86BD-18BACFA5FE01}.Release|Any CPU.ActiveCfg = Release|Any CPU
		{D1794281-E07B-49A5-86BD-18BACFA5FE01}.Release|Any CPU.Build.0 = Release|Any CPU
	EndGlobalSection
	GlobalSection(SolutionProperties) = preSolution
		HideSolutionNode = FALSE
	EndGlobalSection
	GlobalSection(ExtensibilityGlobals) = postSolution
		SolutionGuid = {F76E770E-2081-403F-A265-0CCB55A79DAA}
	EndGlobalSection
EndGlobal
